
Microsoft Visual Studio Solution File, Format Version 12.00
# Visual Studio Version 16
VisualStudioVersion = 16.0.29230.47
MinimumVisualStudioVersion = 10.0.40219.1
Project("{FAE04EC0-301F-11D3-BF4B-00C04F79EFBC}") = "crudApp", "crudApp\crudApp.csproj", "{3EE5B9F6-59C7-43BE-9C0C-58C3AD172BB9}"
EndProject
Global
	GlobalSection(SolutionConfigurationPlatforms) = preSolution
		Debug|Any CPU = Debug|Any CPU
		Release|Any CPU = Release|Any CPU
	EndGlobalSection
	GlobalSection(ProjectConfigurationPlatforms) = postSolution
		{3EE5B9F6-59C7-43BE-9C0C-58C3AD172BB9}.Debug|Any CPU.ActiveCfg = Debug|Any CPU
		{3EE5B9F6-59C7-43BE-9C0C-58C3AD172BB9}.Debug|Any CPU.Build.0 = Debug|Any CPU
		{3EE5B9F6-59C7-43BE-9C0C-58C3AD172BB9}.Release|Any CPU.ActiveCfg = Release|Any CPU
		{3EE5B9F6-59C7-43BE-9C0C-58C3AD172BB9}.Release|Any CPU.Build.0 = Release|Any CPU
	EndGlobalSection
	GlobalSection(SolutionProperties) = preSolution
		HideSolutionNode = FALSE
	EndGlobalSection
	GlobalSection(ExtensibilityGlobals) = postSolution
		SolutionGuid = {C7A08D2F-1C1F-4E98-968F-56A1E5D81B01}
	EndGlobalSection
EndGlobal
